# THIS IS AN AUTOGENERATED FILE. DO NOT EDIT THIS FILE DIRECTLY.
# yarn lockfile v1


"@babel/runtime@^7.1.2":
  version "7.1.2"
  resolved "https://registry.yarnpkg.com/@babel/runtime/-/runtime-7.1.2.tgz#81c89935f4647706fc54541145e6b4ecfef4b8e3"
  integrity sha512-Y3SCjmhSupzFB6wcv1KmmFucH6gDVnI30WjOcicV10ju0cZjak3Jcs67YLIXBrmZYw1xCrVeJPbycFwrqNyxpg==
  dependencies:
    regenerator-runtime "^0.12.0"

airbnb-prop-types@^2.10.0, airbnb-prop-types@^2.8.1:
  version "2.11.0"
  resolved "https://registry.yarnpkg.com/airbnb-prop-types/-/airbnb-prop-types-2.11.0.tgz#2f4169a17ef86e227924d61f2b77defead1aa5be"
  integrity sha512-Y46/0gNVDy5gpedxIaoKjigdes+TouqVg7GTYQr73PBfE/lTSvOR/WIgUib0Zonm3Hyvlcax0mHr+v4K8DfGGw==
  dependencies:
    array.prototype.find "^2.0.4"
    function.prototype.name "^1.1.0"
    has "^1.0.3"
    is-regex "^1.0.4"
    object-is "^1.0.1"
    object.assign "^4.1.0"
    object.entries "^1.0.4"
    prop-types "^15.6.2"
    prop-types-exact "^1.2.0"

array.prototype.find@^2.0.4:
  version "2.0.4"
  resolved "https://registry.yarnpkg.com/array.prototype.find/-/array.prototype.find-2.0.4.tgz#556a5c5362c08648323ddaeb9de9d14bc1864c90"
  integrity sha1-VWpcU2LAhkgyPdrrnenRS8GGTJA=
  dependencies:
    define-properties "^1.1.2"
    es-abstract "^1.7.0"

array.prototype.flat@^1.2.1:
  version "1.2.1"
  resolved "https://registry.yarnpkg.com/array.prototype.flat/-/array.prototype.flat-1.2.1.tgz#812db8f02cad24d3fab65dd67eabe3b8903494a4"
  integrity sha512-rVqIs330nLJvfC7JqYvEWwqVr5QjYF1ib02i3YJtR/fICO6527Tjpc/e4Mvmxh3GIePPreRXMdaGyC99YphWEw==
  dependencies:
    define-properties "^1.1.2"
    es-abstract "^1.10.0"
    function-bind "^1.1.1"

asap@~2.0.3:
  version "2.0.6"
  resolved "https://registry.yarnpkg.com/asap/-/asap-2.0.6.tgz#e50347611d7e690943208bbdafebcbc2fb866d46"
  integrity sha1-5QNHYR1+aQlDIIu9r+vLwvuGbUY=

brcast@^2.0.2:
  version "2.0.2"
  resolved "https://registry.yarnpkg.com/brcast/-/brcast-2.0.2.tgz#2db16de44140e418dc37fab10beec0369e78dcef"
  integrity sha512-Tfn5JSE7hrUlFcOoaLzVvkbgIemIorMIyoMr3TgvszWW7jFt2C9PdeMLtysYD9RU0MmU17b69+XJG1eRY2OBRg==

"consolidated-events@^1.1.1 || ^2.0.0":
  version "2.0.2"
  resolved "https://registry.yarnpkg.com/consolidated-events/-/consolidated-events-2.0.2.tgz#da8d8f8c2b232831413d9e190dc11669c79f4a91"
  integrity sha512-2/uRVMdRypf5z/TW/ncD/66l75P5hH2vM/GR8Jf8HLc2xnfJtmina6F6du8+v4Z2vTrMo7jC+W1tmEEuuELgkQ==

core-js@^1.0.0:
  version "1.2.7"
  resolved "https://registry.yarnpkg.com/core-js/-/core-js-1.2.7.tgz#652294c14651db28fa93bd2d5ff2983a4f08c636"
  integrity sha1-ZSKUwUZR2yj6k70tX/KYOk8IxjY=

deepmerge@^1.5.1, deepmerge@^1.5.2:
  version "1.5.2"
  resolved "https://registry.yarnpkg.com/deepmerge/-/deepmerge-1.5.2.tgz#10499d868844cdad4fee0842df8c7f6f0c95a753"
  integrity sha512-95k0GDqvBjZavkuvzx/YqVLv/6YYa17fz6ILMSf7neqQITCPbnfEnQvEgMPNjH4kgobe7+WIL0yJEHku+H3qtQ==

define-properties@^1.1.2:
  version "1.1.3"
  resolved "https://registry.yarnpkg.com/define-properties/-/define-properties-1.1.3.tgz#cf88da6cbee26fe6db7094f61d870cbd84cee9f1"
  integrity sha512-3MqfYKj2lLzdMSf8ZIZE/V+Zuy+BgD6f164e8K2w7dgnpKArBDerGYpM46IYYcjnkdPNMjPk9A6VFB8+3SKlXQ==
  dependencies:
    object-keys "^1.0.12"

direction@^1.0.1:
  version "1.0.2"
  resolved "https://registry.yarnpkg.com/direction/-/direction-1.0.2.tgz#ac49c4699edf1283fd82f34e701ca668ea4883b9"
  integrity sha512-hSKoz5FBn+zhP9vWKkVQaaxnRDg3/MoPdcg2au54HIUDR8MrP8Ah1jXSJwCXel6SV3Afh5DSzc8Uqv2r1UoQwQ==

encoding@^0.1.11:
  version "0.1.12"
  resolved "https://registry.yarnpkg.com/encoding/-/encoding-0.1.12.tgz#538b66f3ee62cd1ab51ec323829d1f9480c74beb"
  integrity sha1-U4tm8+5izRq1HsMjgp0flIDHS+s=
  dependencies:
    iconv-lite "~0.4.13"

es-abstract@^1.10.0, es-abstract@^1.6.1, es-abstract@^1.7.0:
  version "1.12.0"
  resolved "https://registry.yarnpkg.com/es-abstract/-/es-abstract-1.12.0.tgz#9dbbdd27c6856f0001421ca18782d786bf8a6165"
  integrity sha512-C8Fx/0jFmV5IPoMOFPA9P9G5NtqW+4cOPit3MIuvR2t7Ag2K15EJTpxnHAYTzL+aYQJIESYeXZmDBfOBE1HcpA==
  dependencies:
    es-to-primitive "^1.1.1"
    function-bind "^1.1.1"
    has "^1.0.1"
    is-callable "^1.1.3"
    is-regex "^1.0.4"

es-to-primitive@^1.1.1:
  version "1.2.0"
  resolved "https://registry.yarnpkg.com/es-to-primitive/-/es-to-primitive-1.2.0.tgz#edf72478033456e8dda8ef09e00ad9650707f377"
  integrity sha512-qZryBOJjV//LaxLTV6UC//WewneB3LcXOL9NP++ozKVXsIIIpm/2c13UDiD9Jp2eThsecw9m3jPqDwTyobcdbg==
  dependencies:
    is-callable "^1.1.4"
    is-date-object "^1.0.1"
    is-symbol "^1.0.2"

fbjs@^0.8.4:
  version "0.8.17"
  resolved "https://registry.yarnpkg.com/fbjs/-/fbjs-0.8.17.tgz#c4d598ead6949112653d6588b01a5cdcd9f90fdd"
  integrity sha1-xNWY6taUkRJlPWWIsBpc3Nn5D90=
  dependencies:
    core-js "^1.0.0"
    isomorphic-fetch "^2.1.1"
    loose-envify "^1.0.0"
    object-assign "^4.1.0"
    promise "^7.1.1"
    setimmediate "^1.0.5"
    ua-parser-js "^0.7.18"

function-bind@^1.1.0, function-bind@^1.1.1:
  version "1.1.1"
  resolved "https://registry.yarnpkg.com/function-bind/-/function-bind-1.1.1.tgz#a56899d3ea3c9bab874bb9773b7c5ede92f4895d"
  integrity sha512-yIovAzMX49sF8Yl58fSCWJ5svSLuaibPxXQJFLmBObTuCr0Mf1KiPopGM9NiFjiYBCbfaa2Fh6breQ6ANVTI0A==

function.prototype.name@^1.1.0:
  version "1.1.0"
  resolved "https://registry.yarnpkg.com/function.prototype.name/-/function.prototype.name-1.1.0.tgz#8bd763cc0af860a859cc5d49384d74b932cd2327"
  integrity sha512-Bs0VRrTz4ghD8pTmbJQD1mZ8A/mN0ur/jGz+A6FBxPDUPkm1tNfF6bhTYPA7i7aF4lZJVr+OXTNNrnnIl58Wfg==
  dependencies:
    define-properties "^1.1.2"
    function-bind "^1.1.1"
    is-callable "^1.1.3"

global-cache@^1.2.1:
  version "1.2.1"
  resolved "https://registry.yarnpkg.com/global-cache/-/global-cache-1.2.1.tgz#39ca020d3dd7b3f0934c52b75363f8d53312c16d"
  integrity sha512-EOeUaup5DgWKlCMhA9YFqNRIlZwoxt731jCh47WBV9fQqHgXhr3Fa55hfgIUqilIcPsfdNKN7LHjrNY+Km40KA==
  dependencies:
    define-properties "^1.1.2"
    is-symbol "^1.0.1"

has-symbols@^1.0.0:
  version "1.0.0"
  resolved "https://registry.yarnpkg.com/has-symbols/-/has-symbols-1.0.0.tgz#ba1a8f1af2a0fc39650f5c850367704122063b44"
  integrity sha1-uhqPGvKg/DllD1yFA2dwQSIGO0Q=

has@^1.0.1, has@^1.0.3:
  version "1.0.3"
  resolved "https://registry.yarnpkg.com/has/-/has-1.0.3.tgz#722d7cbfc1f6aa8241f16dd814e011e1f41e8796"
  integrity sha512-f2dvO0VU6Oej7RkWJGrehjbzMAjFp5/VKPp5tTpWIV4JHHZK1/BxbFRtf/siA2SWTe09caDmVtYYzWEIbBS4zw==
  dependencies:
    function-bind "^1.1.1"

hoist-non-react-statics@^2.3.1, hoist-non-react-statics@^2.5.0:
  version "2.5.5"
  resolved "https://registry.yarnpkg.com/hoist-non-react-statics/-/hoist-non-react-statics-2.5.5.tgz#c5903cf409c0dfd908f388e619d86b9c1174cb47"
  integrity sha512-rqcy4pJo55FTTLWt+bU8ukscqHeE/e9KWvsOW2b/a3afxQZhwkQdT1rPPCJ0rYXdj4vNcasY8zHTH+jF/qStxw==

hoist-non-react-statics@^3.0.0:
  version "3.1.0"
  resolved "https://registry.yarnpkg.com/hoist-non-react-statics/-/hoist-non-react-statics-3.1.0.tgz#42414ccdfff019cd2168168be998c7b3bd5245c0"
  integrity sha512-MYcYuROh7SBM69xHGqXEwQqDux34s9tz+sCnxJmN18kgWh6JFdTw/5YdZtqsOdZJXddE/wUpCzfEdDrJj8p0Iw==
  dependencies:
    react-is "^16.3.2"

iconv-lite@~0.4.13:
  version "0.4.24"
  resolved "https://registry.yarnpkg.com/iconv-lite/-/iconv-lite-0.4.24.tgz#2022b4b25fbddc21d2f524974a474aafe733908b"
  integrity sha512-v3MXnZAcvnywkTUEZomIActle7RXXeedOR31wwl7VlyoXO4Qi9arvSenNQWne1TcRwhCL1HwLI21bEqdpj8/rA==
  dependencies:
    safer-buffer ">= 2.1.2 < 3"

invariant@^2.2.4:
  version "2.2.4"
  resolved "https://registry.yarnpkg.com/invariant/-/invariant-2.2.4.tgz#610f3c92c9359ce1db616e538008d23ff35158e6"
  integrity sha512-phJfQVBuaJM5raOpJjSfkiD6BpbCE4Ns//LaXl6wGYtUBY83nWS6Rf9tXm2e8VaK60JEjYldbPif/A2B1C2gNA==
  dependencies:
    loose-envify "^1.0.0"

is-callable@^1.1.3, is-callable@^1.1.4:
  version "1.1.4"
  resolved "https://registry.yarnpkg.com/is-callable/-/is-callable-1.1.4.tgz#1e1adf219e1eeb684d691f9d6a05ff0d30a24d75"
  integrity sha512-r5p9sxJjYnArLjObpjA4xu5EKI3CuKHkJXMhT7kwbpUyIFD1n5PMAsoPvWnvtZiNz7LjkYDRZhd7FlI0eMijEA==

is-date-object@^1.0.1:
  version "1.0.1"
  resolved "https://registry.yarnpkg.com/is-date-object/-/is-date-object-1.0.1.tgz#9aa20eb6aeebbff77fbd33e74ca01b33581d3a16"
  integrity sha1-mqIOtq7rv/d/vTPnTKAbM1gdOhY=

is-regex@^1.0.4:
  version "1.0.4"
  resolved "https://registry.yarnpkg.com/is-regex/-/is-regex-1.0.4.tgz#5517489b547091b0930e095654ced25ee97e9491"
  integrity sha1-VRdIm1RwkbCTDglWVM7SXul+lJE=
  dependencies:
    has "^1.0.1"

is-stream@^1.0.1:
  version "1.1.0"
  resolved "https://registry.yarnpkg.com/is-stream/-/is-stream-1.1.0.tgz#12d4a3dd4e68e0b79ceb8dbc84173ae80d91ca44"
  integrity sha1-EtSj3U5o4Lec6428hBc66A2RykQ=

is-symbol@^1.0.1, is-symbol@^1.0.2:
  version "1.0.2"
  resolved "https://registry.yarnpkg.com/is-symbol/-/is-symbol-1.0.2.tgz#a055f6ae57192caee329e7a860118b497a950f38"
  integrity sha512-HS8bZ9ox60yCJLH9snBpIwv9pYUAkcuLhSA1oero1UB5y9aiQpRA8y2ex945AOtCZL1lJDeIk3G5LthswI46Lw==
  dependencies:
    has-symbols "^1.0.0"

is-touch-device@^1.0.1:
  version "1.0.1"
  resolved "https://registry.yarnpkg.com/is-touch-device/-/is-touch-device-1.0.1.tgz#9a2fd59f689e9a9bf6ae9a86924c4ba805a42eab"
  integrity sha512-LAYzo9kMT1b2p19L/1ATGt2XcSilnzNlyvq6c0pbPRVisLbAPpLqr53tIJS00kvrTkj0HtR8U7+u8X0yR8lPSw==

isomorphic-fetch@^2.1.1:
  version "2.2.1"
  resolved "https://registry.yarnpkg.com/isomorphic-fetch/-/isomorphic-fetch-2.2.1.tgz#611ae1acf14f5e81f729507472819fe9733558a9"
  integrity sha1-YRrhrPFPXoH3KVB0coGf6XM1WKk=
  dependencies:
    node-fetch "^1.0.1"
    whatwg-fetch ">=0.10.0"

"js-tokens@^3.0.0 || ^4.0.0":
  version "4.0.0"
  resolved "https://registry.yarnpkg.com/js-tokens/-/js-tokens-4.0.0.tgz#19203fb59991df98e3a287050d4647cdeaf32499"
  integrity sha512-RdJUflcE3cUzKiMqQgsCu06FPu9UdIJO0beYbPhHN4k6apgJtifcoCtT9bcxOpYBtpD2kCM6Sbzg4CausW/PKQ==

lodash@^4.1.1:
  version "4.17.11"
  resolved "https://registry.yarnpkg.com/lodash/-/lodash-4.17.11.tgz#b39ea6229ef607ecd89e2c8df12536891cac9b8d"
  integrity sha512-cQKh8igo5QUhZ7lg38DYWAxMvjSAKG0A8wGSVimP07SIUEK2UO+arSRKbRZWtelMtN5V0Hkwh5ryOto/SshYIg==

loose-envify@^1.0.0, loose-envify@^1.1.0, loose-envify@^1.3.1:
  version "1.4.0"
  resolved "https://registry.yarnpkg.com/loose-envify/-/loose-envify-1.4.0.tgz#71ee51fa7be4caec1a63839f7e682d8132d30caf"
  integrity sha512-lyuxPGr/Wfhrlem2CL/UcnUc1zcqKAImBDzukY7Y5F/yQiNdko6+fRLevlw1HgMySw7f611UIY408EtxRSoK3Q==
  dependencies:
    js-tokens "^3.0.0 || ^4.0.0"

moment@>=1.6.0, moment@^2.22.2:
  version "2.22.2"
  resolved "https://registry.yarnpkg.com/moment/-/moment-2.22.2.tgz#3c257f9839fc0e93ff53149632239eb90783ff66"
  integrity sha1-PCV/mDn8DpP/UxSWMiOeuQeD/2Y=

node-fetch@^1.0.1:
  version "1.7.3"
  resolved "https://registry.yarnpkg.com/node-fetch/-/node-fetch-1.7.3.tgz#980f6f72d85211a5347c6b2bc18c5b84c3eb47ef"
  integrity sha512-NhZ4CsKx7cYm2vSrBAr2PvFOe6sWDf0UYLRqA6svUYg7+/TSfVAu49jYC4BvQ4Sms9SZgdqGBgroqfDhJdTyKQ==
  dependencies:
    encoding "^0.1.11"
    is-stream "^1.0.1"

object-assign@^4.1.0, object-assign@^4.1.1:
  version "4.1.1"
  resolved "https://registry.yarnpkg.com/object-assign/-/object-assign-4.1.1.tgz#2109adc7965887cfc05cbbd442cac8bfbb360863"
  integrity sha1-IQmtx5ZYh8/AXLvUQsrIv7s2CGM=

object-is@^1.0.1:
  version "1.0.1"
  resolved "https://registry.yarnpkg.com/object-is/-/object-is-1.0.1.tgz#0aa60ec9989a0b3ed795cf4d06f62cf1ad6539b6"
  integrity sha1-CqYOyZiaCz7Xlc9NBvYs8a1lObY=

object-keys@^1.0.11, object-keys@^1.0.12:
  version "1.0.12"
  resolved "https://registry.yarnpkg.com/object-keys/-/object-keys-1.0.12.tgz#09c53855377575310cca62f55bb334abff7b3ed2"
  integrity sha512-FTMyFUm2wBcGHnH2eXmz7tC6IwlqQZ6mVZ+6dm6vZ4IQIHjs6FdNsQBuKGPuUUUY6NfJw2PshC08Tn6LzLDOag==

object.assign@^4.1.0:
  version "4.1.0"
  resolved "https://registry.yarnpkg.com/object.assign/-/object.assign-4.1.0.tgz#968bf1100d7956bb3ca086f006f846b3bc4008da"
  integrity sha512-exHJeq6kBKj58mqGyTQ9DFvrZC/eR6OwxzoM9YRoGBqrXYonaFyGiFMuc9VZrXf7DarreEwMpurG3dd+CNyW5w==
  dependencies:
    define-properties "^1.1.2"
    function-bind "^1.1.1"
    has-symbols "^1.0.0"
    object-keys "^1.0.11"

object.entries@^1.0.4:
  version "1.0.4"
  resolved "https://registry.yarnpkg.com/object.entries/-/object.entries-1.0.4.tgz#1bf9a4dd2288f5b33f3a993d257661f05d161a5f"
  integrity sha1-G/mk3SKI9bM/Opk9JXZh8F0WGl8=
  dependencies:
    define-properties "^1.1.2"
    es-abstract "^1.6.1"
    function-bind "^1.1.0"
    has "^1.0.1"

object.values@^1.0.4:
  version "1.0.4"
  resolved "https://registry.yarnpkg.com/object.values/-/object.values-1.0.4.tgz#e524da09b4f66ff05df457546ec72ac99f13069a"
  integrity sha1-5STaCbT2b/Bd9FdUbscqyZ8TBpo=
  dependencies:
    define-properties "^1.1.2"
    es-abstract "^1.6.1"
    function-bind "^1.1.0"
    has "^1.0.1"

promise@^7.1.1:
  version "7.3.1"
  resolved "https://registry.yarnpkg.com/promise/-/promise-7.3.1.tgz#064b72602b18f90f29192b8b1bc418ffd1ebd3bf"
  integrity sha512-nolQXZ/4L+bP/UGlkfaIujX9BKxGwmQ9OT4mOt5yvy8iK1h3wqTEJCijzGANTCCl9nWjY41juyAn2K3Q1hLLTg==
  dependencies:
    asap "~2.0.3"

prop-types-exact@^1.2.0:
  version "1.2.0"
  resolved "https://registry.yarnpkg.com/prop-types-exact/-/prop-types-exact-1.2.0.tgz#825d6be46094663848237e3925a98c6e944e9869"
  integrity sha512-K+Tk3Kd9V0odiXFP9fwDHUYRyvK3Nun3GVyPapSIs5OBkITAm15W0CPFD/YKTkMUAbc0b9CUwRQp2ybiBIq+eA==
  dependencies:
    has "^1.0.3"
    object.assign "^4.1.0"
    reflect.ownkeys "^0.2.0"

prop-types@^15.5.8, prop-types@^15.6.0, prop-types@^15.6.1, prop-types@^15.6.2:
  version "15.6.2"
  resolved "https://registry.yarnpkg.com/prop-types/-/prop-types-15.6.2.tgz#05d5ca77b4453e985d60fc7ff8c859094a497102"
  integrity sha512-3pboPvLiWD7dkI3qf3KbUe6hKFKa52w+AE0VCqECtf+QHAKgOL37tTaNCnuX1nAAQ4ZhyP+kYVKf8rLmJ/feDQ==
  dependencies:
    loose-envify "^1.3.1"
    object-assign "^4.1.1"

react-addons-shallow-compare@^15.6.2:
  version "15.6.2"
  resolved "https://registry.yarnpkg.com/react-addons-shallow-compare/-/react-addons-shallow-compare-15.6.2.tgz#198a00b91fc37623db64a28fd17b596ba362702f"
  integrity sha1-GYoAuR/DdiPbZKKP0XtZa6NicC8=
  dependencies:
    fbjs "^0.8.4"
    object-assign "^4.1.0"

react-dates@^18.2.0:
  version "18.2.0"
  resolved "https://registry.yarnpkg.com/react-dates/-/react-dates-18.2.0.tgz#5f81b385449f242b297bcb06c84cae1283e5d2bc"
  integrity sha512-nXI+ZnbqBDwFc0WwehFw9Og2sL8T+WhlMJvScBgXcTM5ezmuXoeII94xYT8FKmvtrN86GHaj3cap1jDHi3/Ebg==
  dependencies:
    airbnb-prop-types "^2.10.0"
    consolidated-events "^1.1.1 || ^2.0.0"
    is-touch-device "^1.0.1"
    lodash "^4.1.1"
    object.assign "^4.1.0"
    object.values "^1.0.4"
    prop-types "^15.6.1"
    react-addons-shallow-compare "^15.6.2"
    react-moment-proptypes "^1.6.0"
    react-outside-click-handler "^1.2.0"
    react-portal "^4.1.5"
    react-with-direction "^1.3.0"
    react-with-styles "^3.2.0"
    react-with-styles-interface-css "^4.0.2"

react-is@^16.3.2, react-is@^16.6.0:
  version "16.6.0"
  resolved "https://registry.yarnpkg.com/react-is/-/react-is-16.6.0.tgz#456645144581a6e99f6816ae2bd24ee94bdd0c01"
  integrity sha512-q8U7k0Fi7oxF1HvQgyBjPwDXeMplEsArnKt2iYhuIF86+GBbgLHdAmokL3XUFjTd7Q363OSNG55FOGUdONVn1g==

react-lifecycles-compat@^3.0.0:
  version "3.0.4"
  resolved "https://registry.yarnpkg.com/react-lifecycles-compat/-/react-lifecycles-compat-3.0.4.tgz#4f1a273afdfc8f3488a8c516bfda78f872352362"
  integrity sha512-fBASbA6LnOU9dOU2eW7aQ8xmYBSXUIWr+UmF9b1efZBazGNO+rcXT/icdKnYm2pTwcRylVUYwW7H1PHfLekVzA==

react-moment-proptypes@^1.6.0:
  version "1.6.0"
  resolved "https://registry.yarnpkg.com/react-moment-proptypes/-/react-moment-proptypes-1.6.0.tgz#8ec266ee392a08ba3412d2df2eebf833ab1046df"
  integrity sha512-4h7EuhDMTzQqZ+02KUUO+AVA7PqhbD88yXB740nFpNDyDS/bj9jiPyn2rwr9sa8oDyaE1ByFN9+t5XPyPTmN6g==
  dependencies:
    moment ">=1.6.0"

react-outside-click-handler@^1.2.0:
  version "1.2.2"
  resolved "https://registry.yarnpkg.com/react-outside-click-handler/-/react-outside-click-handler-1.2.2.tgz#2c4609fbaacbfc192e269786d555419b115bf93f"
  integrity sha512-MgCxmFARGN1VrZdwoLkER/y3So6mC/fSniXI4XcXcB+Jt05nw/k8a/R1hSoa7p414uZUZ8NfClN3eVmZm9bM5Q==
  dependencies:
    airbnb-prop-types "^2.10.0"
    consolidated-events "^1.1.1 || ^2.0.0"
    object.values "^1.0.4"
    prop-types "^15.6.1"

react-portal@^4.1.5:
  version "4.1.5"
  resolved "https://registry.yarnpkg.com/react-portal/-/react-portal-4.1.5.tgz#6665d4d2a92d47d6f8b07a6529e26fc52d5cccde"
  integrity sha512-jJMy9DoVr4HRWPdO8IP/mDHP1Q972/aKkulVQeIrttOIyRNmCkR2IH7gK3HVjhzxy6M+k9TopSWN5q41wO/o6A==
  dependencies:
    prop-types "^15.5.8"

react-redux@^5.1.0:
  version "5.1.0"
  resolved "https://registry.yarnpkg.com/react-redux/-/react-redux-5.1.0.tgz#948b1e2686473d1999092bcfb32d0dc43d33f667"
  integrity sha512-CRMpEx8+ccpoVxQrQDkG1obExNYpj6dZ1Ni7lUNFB9wcxOhy02tIqpFo4IUXc0kYvCGMu6ABj9A4imEX2VGZJQ==
  dependencies:
    "@babel/runtime" "^7.1.2"
    hoist-non-react-statics "^3.0.0"
    invariant "^2.2.4"
    loose-envify "^1.1.0"
    prop-types "^15.6.1"
    react-is "^16.6.0"
    react-lifecycles-compat "^3.0.0"

react-with-direction@^1.3.0:
  version "1.3.0"
  resolved "https://registry.yarnpkg.com/react-with-direction/-/react-with-direction-1.3.0.tgz#9885f5941aa986be753db95a41e8f3d8f8de97ff"
  integrity sha512-2TflEebNckTNUybw3Rzqjg4BwM/H380ZL5lsbZ5f4UTY2JyE5uQdQZK5T2w+BDJSAMcqoA2RDJYa4e7Cl6C2Kg==
  dependencies:
    airbnb-prop-types "^2.8.1"
    brcast "^2.0.2"
    deepmerge "^1.5.1"
    direction "^1.0.1"
    hoist-non-react-statics "^2.3.1"
    object.assign "^4.1.0"
    object.values "^1.0.4"
    prop-types "^15.6.0"

react-with-styles-interface-css@^4.0.2:
  version "4.0.3"
  resolved "https://registry.yarnpkg.com/react-with-styles-interface-css/-/react-with-styles-interface-css-4.0.3.tgz#c4a61277b2b8e4126b2cd25eca3ac4097bd2af09"
  integrity sha512-wE43PIyjal2dexxyyx4Lhbcb+E42amoYPnkunRZkb9WTA+Z+9LagbyxwsI352NqMdFmghR0opg29dzDO4/YXbw==
  dependencies:
    array.prototype.flat "^1.2.1"
    global-cache "^1.2.1"

react-with-styles@^3.2.0:
  version "3.2.1"
  resolved "https://registry.yarnpkg.com/react-with-styles/-/react-with-styles-3.2.1.tgz#57a313ae3dcd0b347193a5538d5061d3bb96bab4"
  integrity sha512-L+x/EDgrKkqV6pTfDtLMShf7Xs+bVQ+HAT5rByX88QYX+ft9t5Gn4PWMmg36Ur21IVEBMGjjQQIJGJpBrzbsyg==
  dependencies:
    deepmerge "^1.5.2"
    hoist-non-react-statics "^2.5.0"
    prop-types "^15.6.1"
    react-with-direction "^1.3.0"

reflect.ownkeys@^0.2.0:
  version "0.2.0"
  resolved "https://registry.yarnpkg.com/reflect.ownkeys/-/reflect.ownkeys-0.2.0.tgz#749aceec7f3fdf8b63f927a04809e90c5c0b3460"
  integrity sha1-dJrO7H8/34tj+SegSAnpDFwLNGA=

regenerator-runtime@^0.12.0:
  version "0.12.1"
  resolved "https://registry.yarnpkg.com/regenerator-runtime/-/regenerator-runtime-0.12.1.tgz#fa1a71544764c036f8c49b13a08b2594c9f8a0de"
  integrity sha512-odxIc1/vDlo4iZcfXqRYFj0vpXFNoGdKMAUieAlFYO6m/nl5e9KR/beGf41z4a1FI+aQgtjhuaSlDxQ0hmkrHg==

"safer-buffer@>= 2.1.2 < 3":
  version "2.1.2"
  resolved "https://registry.yarnpkg.com/safer-buffer/-/safer-buffer-2.1.2.tgz#44fa161b0187b9549dd84bb91802f9bd8385cd6a"
  integrity sha512-YZo3K82SD7Riyi0E1EQPojLz7kpepnSQI9IyPbHHg1XXXevb5dJI7tpyN2ADxGcQbHG7vcyRHk0cbwqcQriUtg==

setimmediate@^1.0.5:
  version "1.0.5"
  resolved "https://registry.yarnpkg.com/setimmediate/-/setimmediate-1.0.5.tgz#290cbb232e306942d7d7ea9b83732ab7856f8285"
  integrity sha1-KQy7Iy4waULX1+qbg3Mqt4VvgoU=

ua-parser-js@^0.7.18:
  version "0.7.19"
  resolved "https://registry.yarnpkg.com/ua-parser-js/-/ua-parser-js-0.7.19.tgz#94151be4c0a7fb1d001af7022fdaca4642659e4b"
  integrity sha512-T3PVJ6uz8i0HzPxOF9SWzWAlfN/DavlpQqepn22xgve/5QecC+XMCAtmUNnY7C9StehaV6exjUCI801lOI7QlQ==

uuid@^3.3.2:
  version "3.3.2"
  resolved "https://registry.yarnpkg.com/uuid/-/uuid-3.3.2.tgz#1b4af4955eb3077c501c23872fc6513811587131"
  integrity sha512-yXJmeNaw3DnnKAOKJE51sL/ZaYfWJRl1pK9dr19YFCu0ObS231AB1/LbqTKRAQ5kw8A90rA6fr4riOUpTZvQZA==

whatwg-fetch@>=0.10.0:
  version "3.0.0"
  resolved "https://registry.yarnpkg.com/whatwg-fetch/-/whatwg-fetch-3.0.0.tgz#fc804e458cc460009b1a2b966bc8817d2578aefb"
  integrity sha512-9GSJUgz1D4MfyKU7KRqwOjXCXTqWdFNvEr7eUBYchQiVc744mqK/MzXPNR2WsPkmkOa4ywfg8C2n8h+13Bey1Q==
